{
  "name": "node-client",
  "lockfileVersion": 3,
  "requires": true,
  "packages": {
    "": {
      "dependencies": {
        "svmq": "^1.0.7"
      }
    },
    "node_modules/nan": {
      "version": "2.19.0",
      "resolved": "https://registry.npmjs.org/nan/-/nan-2.19.0.tgz",
      "integrity": "sha512-nO1xXxfh/RWNxfd/XPfbIfFk5vgLsAxUR9y5O0cHMJu/AW9U95JLXqthYHjEp+8gQ5p96K9jUp8nbVOxCdRbtw=="
    },
    "node_modules/svmq": {
      "version": "1.0.7",
      "resolved": "https://registry.npmjs.org/svmq/-/svmq-1.0.7.tgz",
      "integrity": "sha512-/i5TbwLYzFjQH+hkgkaO4B+Z9wpznVAD75j7qoI8nbyljMabJapjwlrHmE4Cl/QOSVz+YfCI1RcWHS1MwsjNnw==",
      "hasInstallScript": true,
      "dependencies": {
        "nan": "^2.2.0"
      }
    }
  }
}
